// !$*UTF8*$!
{
	archiveVersion = 1;
	classes = {
	};
	objectVersion = 50;
	objects = {

/* Begin PBXBuildFile section */
		9677254925EF67DF00461F5F /* AppDelegate.swift in Sources */ = {isa = PBXBuildFile; fileRef = 9677254825EF67DF00461F5F /* AppDelegate.swift */; };
		9677254B25EF67DF00461F5F /* SceneDelegate.swift in Sources */ = {isa = PBXBuildFile; fileRef = 9677254A25EF67DF00461F5F /* SceneDelegate.swift */; };
		9677254D25EF67DF00461F5F /* ContentView.swift in Sources */ = {isa = PBXBuildFile; fileRef = 9677254C25EF67DF00461F5F /* ContentView.swift */; };
		9677254F25EF67E200461F5F /* Assets.xcassets in Resources */ = {isa = PBXBuildFile; fileRef = 9677254E25EF67E200461F5F /* Assets.xcassets */; };
		9677255225EF67E200461F5F /* Preview Assets.xcassets in Resources */ = {isa = PBXBuildFile; fileRef = 9677255125EF67E200461F5F /* Preview Assets.xcassets */; };
		9677255525EF67E200461F5F /* LaunchScreen.storyboard in Resources */ = {isa = PBXBuildFile; fileRef = 9677255325EF67E200461F5F /* LaunchScreen.storyboard */; };
		9677259B25EF8C4700461F5F /* MemoryGame.swift in Sources */ = {isa = PBXBuildFile; fileRef = 9677259A25EF8C4700461F5F /* MemoryGame.swift */; };
		967725A025F0BD9D00461F5F /* EmojiMemoryGame.swift in Sources */ = {isa = PBXBuildFile; fileRef = 9677259F25F0BD9C00461F5F /* EmojiMemoryGame.swift */; };
		96C0CAF925F8C28F00185BC6 /* Grid.swift in Sources */ = {isa = PBXBuildFile; fileRef = 96C0CAF825F8C28F00185BC6 /* Grid.swift */; };
		96C0CAFD25F8CAF900185BC6 /* GridLayout.swift in Sources */ = {isa = PBXBuildFile; fileRef = 96C0CAFC25F8CAF900185BC6 /* GridLayout.swift */; };
		96C0CB0025F8E45D00185BC6 /* Array+Identifiable.swift in Sources */ = {isa = PBXBuildFile; fileRef = 96C0CAFF25F8E45D00185BC6 /* Array+Identifiable.swift */; };
		96C0CB0325F8F8B100185BC6 /* Array+Only.swift in Sources */ = {isa = PBXBuildFile; fileRef = 96C0CB0225F8F8B100185BC6 /* Array+Only.swift */; };
		96C0CB0825FA06C500185BC6 /* Pie.swift in Sources */ = {isa = PBXBuildFile; fileRef = 96C0CB0725FA06C400185BC6 /* Pie.swift */; };
		96C0CB0B25FA172A00185BC6 /* Cardify.swift in Sources */ = {isa = PBXBuildFile; fileRef = 96C0CB0A25FA172A00185BC6 /* Cardify.swift */; };
/* End PBXBuildFile section */

/* Begin PBXFileReference section */
		9677254525EF67DF00461F5F /* Memorize.app */ = {isa = PBXFileReference; explicitFileType = wrapper.application; includeInIndex = 0; path = Memorize.app; sourceTree = BUILT_PRODUCTS_DIR; };
		9677254825EF67DF00461F5F /* AppDelegate.swift */ = {isa = PBXFileReference; lastKnownFileType = sourcecode.swift; path = AppDelegate.swift; sourceTree = "<group>"; };
		9677254A25EF67DF00461F5F /* SceneDelegate.swift */ = {isa = PBXFileReference; lastKnownFileType = sourcecode.swift; path = SceneDelegate.swift; sourceTree = "<group>"; };
		9677254C25EF67DF00461F5F /* ContentView.swift */ = {isa = PBXFileReference; lastKnownFileType = sourcecode.swift; path = ContentView.swift; sourceTree = "<group>"; };
		9677254E25EF67E200461F5F /* Assets.xcassets */ = {isa = PBXFileReference; lastKnownFileType = folder.assetcatalog; path = Assets.xcassets; sourceTree = "<group>"; };
		9677255125EF67E200461F5F /* Preview Assets.xcassets */ = {isa = PBXFileReference; lastKnownFileType = folder.assetcatalog; path = "Preview Assets.xcassets"; sourceTree = "<group>"; };
		9677255425EF67E200461F5F /* Base */ = {isa = PBXFileReference; lastKnownFileType = file.storyboard; name = Base; path = Base.lproj/LaunchScreen.storyboard; sourceTree = "<group>"; };
		9677255625EF67E200461F5F /* Info.plist */ = {isa = PBXFileReference; lastKnownFileType = text.plist.xml; path = Info.plist; sourceTree = "<group>"; };
		9677259A25EF8C4700461F5F /* MemoryGame.swift */ = {isa = PBXFileReference; lastKnownFileType = sourcecode.swift; path = MemoryGame.swift; sourceTree = SOURCE_ROOT; };
		9677259F25F0BD9C00461F5F /* EmojiMemoryGame.swift */ = {isa = PBXFileReference; lastKnownFileType = sourcecode.swift; path = EmojiMemoryGame.swift; sourceTree = "<group>"; };
		96C0CAF825F8C28F00185BC6 /* Grid.swift */ = {isa = PBXFileReference; lastKnownFileType = sourcecode.swift; path = Grid.swift; sourceTree = "<group>"; };
		96C0CAFC25F8CAF900185BC6 /* GridLayout.swift */ = {isa = PBXFileReference; fileEncoding = 4; lastKnownFileType = sourcecode.swift; path = GridLayout.swift; sourceTree = "<group>"; };
		96C0CAFF25F8E45D00185BC6 /* Array+Identifiable.swift */ = {isa = PBXFileReference; lastKnownFileType = sourcecode.swift; path = "Array+Identifiable.swift"; sourceTree = "<group>"; };
		96C0CB0225F8F8B100185BC6 /* Array+Only.swift */ = {isa = PBXFileReference; lastKnownFileType = sourcecode.swift; path = "Array+Only.swift"; sourceTree = "<group>"; };
		96C0CB0725FA06C400185BC6 /* Pie.swift */ = {isa = PBXFileReference; lastKnownFileType = sourcecode.swift; path = Pie.swift; sourceTree = "<group>"; };
		96C0CB0A25FA172A00185BC6 /* Cardify.swift */ = {isa = PBXFileReference; lastKnownFileType = sourcecode.swift; path = Cardify.swift; sourceTree = "<group>"; };
/* End PBXFileReference section */

/* Begin PBXFrameworksBuildPhase section */
		9677254225EF67DF00461F5F /* Frameworks */ = {
			isa = PBXFrameworksBuildPhase;
			buildActionMask = 2147483647;
			files = (
			);
			runOnlyForDeploymentPostprocessing = 0;
		};
/* End PBXFrameworksBuildPhase section */

/* Begin PBXGroup section */
		9677253C25EF67DF00461F5F = {
			isa = PBXGroup;
			children = (
				9677254725EF67DF00461F5F /* Memorize */,
				9677254625EF67DF00461F5F /* Products */,
			);
			sourceTree = "<group>";
		};
		9677254625EF67DF00461F5F /* Products */ = {
			isa = PBXGroup;
			children = (
				9677254525EF67DF00461F5F /* Memorize.app */,
			);
			name = Products;
			sourceTree = "<group>";
		};
		9677254725EF67DF00461F5F /* Memorize */ = {
			isa = PBXGroup;
			children = (
				9677254825EF67DF00461F5F /* AppDelegate.swift */,
				9677254A25EF67DF00461F5F /* SceneDelegate.swift */,
				9677254C25EF67DF00461F5F /* ContentView.swift */,
				96C0CB0A25FA172A00185BC6 /* Cardify.swift */,
				96C0CB0725FA06C400185BC6 /* Pie.swift */,
				96C0CAF825F8C28F00185BC6 /* Grid.swift */,
				96C0CAFF25F8E45D00185BC6 /* Array+Identifiable.swift */,
				96C0CAFC25F8CAF900185BC6 /* GridLayout.swift */,
				9677259A25EF8C4700461F5F /* MemoryGame.swift */,
				96C0CB0225F8F8B100185BC6 /* Array+Only.swift */,
				9677259F25F0BD9C00461F5F /* EmojiMemoryGame.swift */,
				9677254E25EF67E200461F5F /* Assets.xcassets */,
				9677255325EF67E200461F5F /* LaunchScreen.storyboard */,
				9677255625EF67E200461F5F /* Info.plist */,
				9677255025EF67E200461F5F /* Preview Content */,
			);
			path = Memorize;
			sourceTree = "<group>";
		};
		9677255025EF67E200461F5F /* Preview Content */ = {
			isa = PBXGroup;
			children = (
				9677255125EF67E200461F5F /* Preview Assets.xcassets */,
			);
			path = "Preview Content";
			sourceTree = "<group>";
		};
/* End PBXGroup section */

/* Begin PBXNativeTarget section */
		9677254425EF67DF00461F5F /* Memorize */ = {
			isa = PBXNativeTarget;
			buildConfigurationList = 9677255925EF67E200461F5F /* Build configuration list for PBXNativeTarget "Memorize" */;
			buildPhases = (
				9677254125EF67DF00461F5F /* Sources */,
				9677254225EF67DF00461F5F /* Frameworks */,
				9677254325EF67DF00461F5F /* Resources */,
			);
			buildRules = (
			);
			dependencies = (
			);
			name = Memorize;
			productName = Memorize;
			productReference = 9677254525EF67DF00461F5F /* Memorize.app */;
			productType = "com.apple.product-type.application";
		};
/* End PBXNativeTarget section */

/* Begin PBXProject section */
		9677253D25EF67DF00461F5F /* Project object */ = {
			isa = PBXProject;
			attributes = {
				LastSwiftUpdateCheck = 1220;
				LastUpgradeCheck = 1220;
				TargetAttributes = {
					9677254425EF67DF00461F5F = {
						CreatedOnToolsVersion = 12.2;
					};
				};
			};
			buildConfigurationList = 9677254025EF67DF00461F5F /* Build configuration list for PBXProject "Memorize" */;
			compatibilityVersion = "Xcode 9.3";
			developmentRegion = en;
			hasScannedForEncodings = 0;
			knownRegions = (
				en,
				Base,
			);
			mainGroup = 9677253C25EF67DF00461F5F;
			productRefGroup = 9677254625EF67DF00461F5F /* Products */;
			projectDirPath = "";
			projectRoot = "";
			targets = (
				9677254425EF67DF00461F5F /* Memorize */,
			);
		};
/* End PBXProject section */

/* Begin PBXResourcesBuildPhase section */
		9677254325EF67DF00461F5F /* Resources */ = {
			isa = PBXResourcesBuildPhase;
			buildActionMask = 2147483647;
			files = (
				9677255525EF67E200461F5F /* LaunchScreen.storyboard in Resources */,
				9677255225EF67E200461F5F /* Preview Assets.xcassets in Resources */,
				9677254F25EF67E200461F5F /* Assets.xcassets in Resources */,
			);
			runOnlyForDeploymentPostprocessing = 0;
		};
/* End PBXResourcesBuildPhase section */

/* Begin PBXSourcesBuildPhase section */
		9677254125EF67DF00461F5F /* Sources */ = {
			isa = PBXSourcesBuildPhase;
			buildActionMask = 2147483647;
			files = (
				96C0CB0B25FA172A00185BC6 /* Cardify.swift in Sources */,
				96C0CB0825FA06C500185BC6 /* Pie.swift in Sources */,
				967725A025F0BD9D00461F5F /* EmojiMemoryGame.swift in Sources */,
				9677254925EF67DF00461F5F /* AppDelegate.swift in Sources */,
				9677254B25EF67DF00461F5F /* SceneDelegate.swift in Sources */,
				96C0CB0325F8F8B100185BC6 /* Array+Only.swift in Sources */,
				9677259B25EF8C4700461F5F /* MemoryGame.swift in Sources */,
				9677254D25EF67DF00461F5F /* ContentView.swift in Sources */,
				96C0CB0025F8E45D00185BC6 /* Array+Identifiable.swift in Sources */,
				96C0CAFD25F8CAF900185BC6 /* GridLayout.swift in Sources */,
				96C0CAF925F8C28F00185BC6 /* Grid.swift in Sources */,
			);
			runOnlyForDeploymentPostprocessing = 0;
		};
/* End PBXSourcesBuildPhase section */

/* Begin PBXVariantGroup section */
		9677255325EF67E200461F5F /* LaunchScreen.storyboard */ = {
			isa = PBXVariantGroup;
			children = (
				9677255425EF67E200461F5F /* Base */,
			);
			name = LaunchScreen.storyboard;
			sourceTree = "<group>";
		};
/* End PBXVariantGroup section */

/* Begin XCBuildConfiguration section */
		9677255725EF67E200461F5F /* Debug */ = {
			isa = XCBuildConfiguration;
			buildSettings = {
				ALWAYS_SEARCH_USER_PATHS = NO;
				CLANG_ANALYZER_NONNULL = YES;
				CLANG_ANALYZER_NUMBER_OBJECT_CONVERSION = YES_AGGRESSIVE;
				CLANG_CXX_LANGUAGE_STANDARD = "gnu++14";
				CLANG_CXX_LIBRARY = "libc++";
				CLANG_ENABLE_MODULES = YES;
				CLANG_ENABLE_OBJC_ARC = YES;
				CLANG_ENABLE_OBJC_WEAK = YES;
				CLANG_WARN_BLOCK_CAPTURE_AUTORELEASING = YES;
				CLANG_WARN_BOOL_CONVERSION = YES;
				CLANG_WARN_COMMA = YES;
				CLANG_WARN_CONSTANT_CONVERSION = YES;
				CLANG_WARN_DEPRECATED_OBJC_IMPLEMENTATIONS = YES;
				CLANG_WARN_DIRECT_OBJC_ISA_USAGE = YES_ERROR;
				CLANG_WARN_DOCUMENTATION_COMMENTS = YES;
				CLANG_WARN_EMPTY_BODY = YES;
				CLANG_WARN_ENUM_CONVERSION = YES;
				CLANG_WARN_INFINITE_RECURSION = YES;
				CLANG_WARN_INT_CONVERSION = YES;
				CLANG_WARN_NON_LITERAL_NULL_CONVERSION = YES;
				CLANG_WARN_OBJC_IMPLICIT_RETAIN_SELF = YES;
				CLANG_WARN_OBJC_LITERAL_CONVERSION = YES;
				CLANG_WARN_OBJC_ROOT_CLASS = YES_ERROR;
				CLANG_WARN_QUOTED_INCLUDE_IN_FRAMEWORK_HEADER = YES;
				CLANG_WARN_RANGE_LOOP_ANALYSIS = YES;
				CLANG_WARN_STRICT_PROTOTYPES = YES;
				CLANG_WARN_SUSPICIOUS_MOVE = YES;
				CLANG_WARN_UNGUARDED_AVAILABILITY = YES_AGGRESSIVE;
				CLANG_WARN_UNREACHABLE_CODE = YES;
				CLANG_WARN__DUPLICATE_METHOD_MATCH = YES;
				COPY_PHASE_STRIP = NO;
				DEBUG_INFORMATION_FORMAT = dwarf;
				ENABLE_STRICT_OBJC_MSGSEND = YES;
				ENABLE_TESTABILITY = YES;
				GCC_C_LANGUAGE_STANDARD = gnu11;
				GCC_DYNAMIC_NO_PIC = NO;
				GCC_NO_COMMON_BLOCKS = YES;
				GCC_OPTIMIZATION_LEVEL = 0;
				GCC_PREPROCESSOR_DEFINITIONS = (
					"DEBUG=1",
					"$(inherited)",
				);
				GCC_WARN_64_TO_32_BIT_CONVERSION = YES;
				GCC_WARN_ABOUT_RETURN_TYPE = YES_ERROR;
				GCC_WARN_UNDECLARED_SELECTOR = YES;
				GCC_WARN_UNINITIALIZED_AUTOS = YES_AGGRESSIVE;
				GCC_WARN_UNUSED_FUNCTION = YES;
				GCC_WARN_UNUSED_VARIABLE = YES;
				IPHONEOS_DEPLOYMENT_TARGET = 14.2;
				MTL_ENABLE_DEBUG_INFO = INCLUDE_SOURCE;
				MTL_FAST_MATH = YES;
				ONLY_ACTIVE_ARCH = YES;
				SDKROOT = iphoneos;
				SWIFT_ACTIVE_COMPILATION_CONDITIONS = DEBUG;
				SWIFT_OPTIMIZATION_LEVEL = "-Onone";
			};
			name = Debug;
		};
		9677255825EF67E200461F5F /* Release */ = {
			isa = XCBuildConfiguration;
			buildSettings = {
				ALWAYS_SEARCH_USER_PATHS = NO;
				CLANG_ANALYZER_NONNULL = YES;
				CLANG_ANALYZER_NUMBER_OBJECT_CONVERSION = YES_AGGRESSIVE;
				CLANG_CXX_LANGUAGE_STANDARD = "gnu++14";
				CLANG_CXX_LIBRARY = "libc++";
				CLANG_ENABLE_MODULES = YES;
				CLANG_ENABLE_OBJC_ARC = YES;
				CLANG_ENABLE_OBJC_WEAK = YES;
				CLANG_WARN_BLOCK_CAPTURE_AUTORELEASING = YES;
				CLANG_WARN_BOOL_CONVERSION = YES;
				CLANG_WARN_COMMA = YES;
				CLANG_WARN_CONSTANT_CONVERSION = YES;
				CLANG_WARN_DEPRECATED_OBJC_IMPLEMENTATIONS = YES;
				CLANG_WARN_DIRECT_OBJC_ISA_USAGE = YES_ERROR;
				CLANG_WARN_DOCUMENTATION_COMMENTS = YES;
				CLANG_WARN_EMPTY_BODY = YES;
				CLANG_WARN_ENUM_CONVERSION = YES;
				CLANG_WARN_INFINITE_RECURSION = YES;
				CLANG_WARN_INT_CONVERSION = YES;
				CLANG_WARN_NON_LITERAL_NULL_CONVERSION = YES;
				CLANG_WARN_OBJC_IMPLICIT_RETAIN_SELF = YES;
				CLANG_WARN_OBJC_LITERAL_CONVERSION = YES;
				CLANG_WARN_OBJC_ROOT_CLASS = YES_ERROR;
				CLANG_WARN_QUOTED_INCLUDE_IN_FRAMEWORK_HEADER = YES;
				CLANG_WARN_RANGE_LOOP_ANALYSIS = YES;
				CLANG_WARN_STRICT_PROTOTYPES = YES;
				CLANG_WARN_SUSPICIOUS_MOVE = YES;
				CLANG_WARN_UNGUARDED_AVAILABILITY = YES_AGGRESSIVE;
				CLANG_WARN_UNREACHABLE_CODE = YES;
				CLANG_WARN__DUPLICATE_METHOD_MATCH = YES;
				COPY_PHASE_STRIP = NO;
				DEBUG_INFORMATION_FORMAT = "dwarf-with-dsym";
				ENABLE_NS_ASSERTIONS = NO;
				ENABLE_STRICT_OBJC_MSGSEND = YES;
				GCC_C_LANGUAGE_STANDARD = gnu11;
				GCC_NO_COMMON_BLOCKS = YES;
				GCC_WARN_64_TO_32_BIT_CONVERSION = YES;
				GCC_WARN_ABOUT_RETURN_TYPE = YES_ERROR;
				GCC_WARN_UNDECLARED_SELECTOR = YES;
				GCC_WARN_UNINITIALIZED_AUTOS = YES_AGGRESSIVE;
				GCC_WARN_UNUSED_FUNCTION = YES;
				GCC_WARN_UNUSED_VARIABLE = YES;
				IPHONEOS_DEPLOYMENT_TARGET = 14.2;
				MTL_ENABLE_DEBUG_INFO = NO;
				MTL_FAST_MATH = YES;
				SDKROOT = iphoneos;
				SWIFT_COMPILATION_MODE = wholemodule;
				SWIFT_OPTIMIZATION_LEVEL = "-O";
				VALIDATE_PRODUCT = YES;
			};
			name = Release;
		};
		9677255A25EF67E200461F5F /* Debug */ = {
			isa = XCBuildConfiguration;
			buildSettings = {
				ASSETCATALOG_COMPILER_APPICON_NAME = AppIcon;
				ASSETCATALOG_COMPILER_GLOBAL_ACCENT_COLOR_NAME = AccentColor;
				CODE_SIGN_STYLE = Automatic;
				DEVELOPMENT_ASSET_PATHS = "\"Memorize/Preview Content\"";
				DEVELOPMENT_TEAM = TRP33V6KMM;
				ENABLE_PREVIEWS = YES;
				INFOPLIST_FILE = Memorize/Info.plist;
				LD_RUNPATH_SEARCH_PATHS = (
					"$(inherited)",
					"@executable_path/Frameworks",
				);
				PRODUCT_BUNDLE_IDENTIFIER = com.lzc.Memorize;
				PRODUCT_NAME = "$(TARGET_NAME)";
				SWIFT_VERSION = 5.0;
				TARGETED_DEVICE_FAMILY = "1,2";
			};
			name = Debug;
		};
		9677255B25EF67E200461F5F /* Release */ = {
			isa = XCBuildConfiguration;
			buildSettings = {
				ASSETCATALOG_COMPILER_APPICON_NAME = AppIcon;
				ASSETCATALOG_COMPILER_GLOBAL_ACCENT_COLOR_NAME = AccentColor;
				CODE_SIGN_STYLE = Automatic;
				DEVELOPMENT_ASSET_PATHS = "\"Memorize/Preview Content\"";
				DEVELOPMENT_TEAM = TRP33V6KMM;
				ENABLE_PREVIEWS = YES;
				INFOPLIST_FILE = Memorize/Info.plist;
				LD_RUNPATH_SEARCH_PATHS = (
					"$(inherited)",
					"@executable_path/Frameworks",
				);
				PRODUCT_BUNDLE_IDENTIFIER = com.lzc.Memorize;
				PRODUCT_NAME = "$(TARGET_NAME)";
				SWIFT_VERSION = 5.0;
				TARGETED_DEVICE_FAMILY = "1,2";
			};
			name = Release;
		};
/* End XCBuildConfiguration section */

/* Begin XCConfigurationList section */
		9677254025EF67DF00461F5F /* Build configuration list for PBXProject "Memorize" */ = {
			isa = XCConfigurationList;
			buildConfigurations = (
				9677255725EF67E200461F5F /* Debug */,
				9677255825EF67E200461F5F /* Release */,
			);
			defaultConfigurationIsVisible = 0;
			defaultConfigurationName = Release;
		};
		9677255925EF67E200461F5F /* Build configuration list for PBXNativeTarget "Memorize" */ = {
			isa = XCConfigurationList;
			buildConfigurations = (
				9677255A25EF67E200461F5F /* Debug */,
				9677255B25EF67E200461F5F /* Release */,
			);
			defaultConfigurationIsVisible = 0;
			defaultConfigurationName = Release;
		};
/* End XCConfigurationList section */
	};
	rootObject = 9677253D25EF67DF00461F5F /* Project object */;
}
